// !$*UTF8*$!
{
	archiveVersion = 1;
	classes = {
	};
	objectVersion = 46;
	objects = {

/* Begin PBXBuildFile section */
		4A32712B02A8FEC3763F47AF /* Pods_test_RSKImageCropper.framework in Frameworks */ = {isa = PBXBuildFile; fileRef = C086750002571676CADA0F0C /* Pods_test_RSKImageCropper.framework */; };
		9AF9C5CF1CBD3363009EC7A6 /* AppDelegate.swift in Sources */ = {isa = PBXBuildFile; fileRef = 9AF9C5CE1CBD3363009EC7A6 /* AppDelegate.swift */; };
		9AF9C5D11CBD3363009EC7A6 /* ViewController.swift in Sources */ = {isa = PBXBuildFile; fileRef = 9AF9C5D01CBD3363009EC7A6 /* ViewController.swift */; };
		9AF9C5D41CBD3363009EC7A6 /* Main.storyboard in Resources */ = {isa = PBXBuildFile; fileRef = 9AF9C5D21CBD3363009EC7A6 /* Main.storyboard */; };
		9AF9C5D61CBD3363009EC7A6 /* Assets.xcassets in Resources */ = {isa = PBXBuildFile; fileRef = 9AF9C5D51CBD3363009EC7A6 /* Assets.xcassets */; };
		9AF9C5D91CBD3363009EC7A6 /* LaunchScreen.storyboard in Resources */ = {isa = PBXBuildFile; fileRef = 9AF9C5D71CBD3363009EC7A6 /* LaunchScreen.storyboard */; };
		9AF9C5E41CBD3363009EC7A6 /* test_RSKImageCropperTests.swift in Sources */ = {isa = PBXBuildFile; fileRef = 9AF9C5E31CBD3363009EC7A6 /* test_RSKImageCropperTests.swift */; };
		9AF9C5EF1CBD3363009EC7A6 /* test_RSKImageCropperUITests.swift in Sources */ = {isa = PBXBuildFile; fileRef = 9AF9C5EE1CBD3363009EC7A6 /* test_RSKImageCropperUITests.swift */; };
		9AF9C5FE1CBD3E6A009EC7A6 /* castle.png in Resources */ = {isa = PBXBuildFile; fileRef = 9AF9C5FD1CBD3E6A009EC7A6 /* castle.png */; };
/* End PBXBuildFile section */

/* Begin PBXContainerItemProxy section */
		9AF9C5E01CBD3363009EC7A6 /* PBXContainerItemProxy */ = {
			isa = PBXContainerItemProxy;
			containerPortal = 9AF9C5C31CBD3363009EC7A6 /* Project object */;
			proxyType = 1;
			remoteGlobalIDString = 9AF9C5CA1CBD3363009EC7A6;
			remoteInfo = test_RSKImageCropper;
		};
		9AF9C5EB1CBD3363009EC7A6 /* PBXContainerItemProxy */ = {
			isa = PBXContainerItemProxy;
			containerPortal = 9AF9C5C31CBD3363009EC7A6 /* Project object */;
			proxyType = 1;
			remoteGlobalIDString = 9AF9C5CA1CBD3363009EC7A6;
			remoteInfo = test_RSKImageCropper;
		};
/* End PBXContainerItemProxy section */

/* Begin PBXFileReference section */
		21F0605BEAA222752DE0FE8A /* Pods-test_RSKImageCropper.debug.xcconfig */ = {isa = PBXFileReference; includeInIndex = 1; lastKnownFileType = text.xcconfig; name = "Pods-test_RSKImageCropper.debug.xcconfig"; path = "Pods/Target Support Files/Pods-test_RSKImageCropper/Pods-test_RSKImageCropper.debug.xcconfig"; sourceTree = "<group>"; };
		45BE5D0C356210DCEDAC809E /* Pods-test_RSKImageCropper.release.xcconfig */ = {isa = PBXFileReference; includeInIndex = 1; lastKnownFileType = text.xcconfig; name = "Pods-test_RSKImageCropper.release.xcconfig"; path = "Pods/Target Support Files/Pods-test_RSKImageCropper/Pods-test_RSKImageCropper.release.xcconfig"; sourceTree = "<group>"; };
		9AF9C5CB1CBD3363009EC7A6 /* test_RSKImageCropper.app */ = {isa = PBXFileReference; explicitFileType = wrapper.application; includeInIndex = 0; path = test_RSKImageCropper.app; sourceTree = BUILT_PRODUCTS_DIR; };
		9AF9C5CE1CBD3363009EC7A6 /* AppDelegate.swift */ = {isa = PBXFileReference; lastKnownFileType = sourcecode.swift; path = AppDelegate.swift; sourceTree = "<group>"; };
		9AF9C5D01CBD3363009EC7A6 /* ViewController.swift */ = {isa = PBXFileReference; lastKnownFileType = sourcecode.swift; path = ViewController.swift; sourceTree = "<group>"; };
		9AF9C5D31CBD3363009EC7A6 /* Base */ = {isa = PBXFileReference; lastKnownFileType = file.storyboard; name = Base; path = Base.lproj/Main.storyboard; sourceTree = "<group>"; };
		9AF9C5D51CBD3363009EC7A6 /* Assets.xcassets */ = {isa = PBXFileReference; lastKnownFileType = folder.assetcatalog; path = Assets.xcassets; sourceTree = "<group>"; };
		9AF9C5D81CBD3363009EC7A6 /* Base */ = {isa = PBXFileReference; lastKnownFileType = file.storyboard; name = Base; path = Base.lproj/LaunchScreen.storyboard; sourceTree = "<group>"; };
		9AF9C5DA1CBD3363009EC7A6 /* Info.plist */ = {isa = PBXFileReference; lastKnownFileType = text.plist.xml; path = Info.plist; sourceTree = "<group>"; };
		9AF9C5DF1CBD3363009EC7A6 /* test_RSKImageCropperTests.xctest */ = {isa = PBXFileReference; explicitFileType = wrapper.cfbundle; includeInIndex = 0; path = test_RSKImageCropperTests.xctest; sourceTree = BUILT_PRODUCTS_DIR; };
		9AF9C5E31CBD3363009EC7A6 /* test_RSKImageCropperTests.swift */ = {isa = PBXFileReference; lastKnownFileType = sourcecode.swift; path = test_RSKImageCropperTests.swift; sourceTree = "<group>"; };
		9AF9C5E51CBD3363009EC7A6 /* Info.plist */ = {isa = PBXFileReference; lastKnownFileType = text.plist.xml; path = Info.plist; sourceTree = "<group>"; };
		9AF9C5EA1CBD3363009EC7A6 /* test_RSKImageCropperUITests.xctest */ = {isa = PBXFileReference; explicitFileType = wrapper.cfbundle; includeInIndex = 0; path = test_RSKImageCropperUITests.xctest; sourceTree = BUILT_PRODUCTS_DIR; };
		9AF9C5EE1CBD3363009EC7A6 /* test_RSKImageCropperUITests.swift */ = {isa = PBXFileReference; lastKnownFileType = sourcecode.swift; path = test_RSKImageCropperUITests.swift; sourceTree = "<group>"; };
		9AF9C5F01CBD3363009EC7A6 /* Info.plist */ = {isa = PBXFileReference; lastKnownFileType = text.plist.xml; path = Info.plist; sourceTree = "<group>"; };
		9AF9C5FC1CBD3A34009EC7A6 /* BridgingHeader.h */ = {isa = PBXFileReference; lastKnownFileType = sourcecode.c.h; path = BridgingHeader.h; sourceTree = "<group>"; };
		9AF9C5FD1CBD3E6A009EC7A6 /* castle.png */ = {isa = PBXFileReference; lastKnownFileType = image.png; path = castle.png; sourceTree = "<group>"; };
		C086750002571676CADA0F0C /* Pods_test_RSKImageCropper.framework */ = {isa = PBXFileReference; explicitFileType = wrapper.framework; includeInIndex = 0; path = Pods_test_RSKImageCropper.framework; sourceTree = BUILT_PRODUCTS_DIR; };
/* End PBXFileReference section */

/* Begin PBXFrameworksBuildPhase section */
		9AF9C5C81CBD3363009EC7A6 /* Frameworks */ = {
			isa = PBXFrameworksBuildPhase;
			buildActionMask = 2147483647;
			files = (
				4A32712B02A8FEC3763F47AF /* Pods_test_RSKImageCropper.framework in Frameworks */,
			);
			runOnlyForDeploymentPostprocessing = 0;
		};
		9AF9C5DC1CBD3363009EC7A6 /* Frameworks */ = {
			isa = PBXFrameworksBuildPhase;
			buildActionMask = 2147483647;
			files = (
			);
			runOnlyForDeploymentPostprocessing = 0;
		};
		9AF9C5E71CBD3363009EC7A6 /* Frameworks */ = {
			isa = PBXFrameworksBuildPhase;
			buildActionMask = 2147483647;
			files = (
			);
			runOnlyForDeploymentPostprocessing = 0;
		};
/* End PBXFrameworksBuildPhase section */

/* Begin PBXGroup section */
		9088DED962AC910B6DC36EEE /* Pods */ = {
			isa = PBXGroup;
			children = (
				21F0605BEAA222752DE0FE8A /* Pods-test_RSKImageCropper.debug.xcconfig */,
				45BE5D0C356210DCEDAC809E /* Pods-test_RSKImageCropper.release.xcconfig */,
			);
			name = Pods;
			sourceTree = "<group>";
		};
		9AF9C5C21CBD3363009EC7A6 = {
			isa = PBXGroup;
			children = (
				9AF9C5CD1CBD3363009EC7A6 /* test_RSKImageCropper */,
				9AF9C5E21CBD3363009EC7A6 /* test_RSKImageCropperTests */,
				9AF9C5ED1CBD3363009EC7A6 /* test_RSKImageCropperUITests */,
				9AF9C5CC1CBD3363009EC7A6 /* Products */,
				9088DED962AC910B6DC36EEE /* Pods */,
				CA6B591526EC3EF078B1848E /* Frameworks */,
			);
			sourceTree = "<group>";
		};
		9AF9C5CC1CBD3363009EC7A6 /* Products */ = {
			isa = PBXGroup;
			children = (
				9AF9C5CB1CBD3363009EC7A6 /* test_RSKImageCropper.app */,
				9AF9C5DF1CBD3363009EC7A6 /* test_RSKImageCropperTests.xctest */,
				9AF9C5EA1CBD3363009EC7A6 /* test_RSKImageCropperUITests.xctest */,
			);
			name = Products;
			sourceTree = "<group>";
		};
		9AF9C5CD1CBD3363009EC7A6 /* test_RSKImageCropper */ = {
			isa = PBXGroup;
			children = (
				9AF9C5FD1CBD3E6A009EC7A6 /* castle.png */,
				9AF9C5CE1CBD3363009EC7A6 /* AppDelegate.swift */,
				9AF9C5D01CBD3363009EC7A6 /* ViewController.swift */,
				9AF9C5D21CBD3363009EC7A6 /* Main.storyboard */,
				9AF9C5D51CBD3363009EC7A6 /* Assets.xcassets */,
				9AF9C5D71CBD3363009EC7A6 /* LaunchScreen.storyboard */,
				9AF9C5DA1CBD3363009EC7A6 /* Info.plist */,
				9AF9C5FC1CBD3A34009EC7A6 /* BridgingHeader.h */,
			);
			path = test_RSKImageCropper;
			sourceTree = "<group>";
		};
		9AF9C5E21CBD3363009EC7A6 /* test_RSKImageCropperTests */ = {
			isa = PBXGroup;
			children = (
				9AF9C5E31CBD3363009EC7A6 /* test_RSKImageCropperTests.swift */,
				9AF9C5E51CBD3363009EC7A6 /* Info.plist */,
			);
			path = test_RSKImageCropperTests;
			sourceTree = "<group>";
		};
		9AF9C5ED1CBD3363009EC7A6 /* test_RSKImageCropperUITests */ = {
			isa = PBXGroup;
			children = (
				9AF9C5EE1CBD3363009EC7A6 /* test_RSKImageCropperUITests.swift */,
				9AF9C5F01CBD3363009EC7A6 /* Info.plist */,
			);
			path = test_RSKImageCropperUITests;
			sourceTree = "<group>";
		};
		CA6B591526EC3EF078B1848E /* Frameworks */ = {
			isa = PBXGroup;
			children = (
				C086750002571676CADA0F0C /* Pods_test_RSKImageCropper.framework */,
			);
			name = Frameworks;
			sourceTree = "<group>";
		};
/* End PBXGroup section */

/* Begin PBXNativeTarget section */
		9AF9C5CA1CBD3363009EC7A6 /* test_RSKImageCropper */ = {
			isa = PBXNativeTarget;
			buildConfigurationList = 9AF9C5F31CBD3363009EC7A6 /* Build configuration list for PBXNativeTarget "test_RSKImageCropper" */;
			buildPhases = (
				563B3E5F474FD082BBC940EA /* Check Pods Manifest.lock */,
				9AF9C5C71CBD3363009EC7A6 /* Sources */,
				9AF9C5C81CBD3363009EC7A6 /* Frameworks */,
				9AF9C5C91CBD3363009EC7A6 /* Resources */,
				D59C1BC81C455900B556A86E /* Embed Pods Frameworks */,
				F99E575FBAE58982A3B6EE5A /* Copy Pods Resources */,
			);
			buildRules = (
			);
			dependencies = (
			);
			name = test_RSKImageCropper;
			productName = test_RSKImageCropper;
			productReference = 9AF9C5CB1CBD3363009EC7A6 /* test_RSKImageCropper.app */;
			productType = "com.apple.product-type.application";
		};
		9AF9C5DE1CBD3363009EC7A6 /* test_RSKImageCropperTests */ = {
			isa = PBXNativeTarget;
			buildConfigurationList = 9AF9C5F61CBD3363009EC7A6 /* Build configuration list for PBXNativeTarget "test_RSKImageCropperTests" */;
			buildPhases = (
				9AF9C5DB1CBD3363009EC7A6 /* Sources */,
				9AF9C5DC1CBD3363009EC7A6 /* Frameworks */,
				9AF9C5DD1CBD3363009EC7A6 /* Resources */,
			);
			buildRules = (
			);
			dependencies = (
				9AF9C5E11CBD3363009EC7A6 /* PBXTargetDependency */,
			);
			name = test_RSKImageCropperTests;
			productName = test_RSKImageCropperTests;
			productReference = 9AF9C5DF1CBD3363009EC7A6 /* test_RSKImageCropperTests.xctest */;
			productType = "com.apple.product-type.bundle.unit-test";
		};
		9AF9C5E91CBD3363009EC7A6 /* test_RSKImageCropperUITests */ = {
			isa = PBXNativeTarget;
			buildConfigurationList = 9AF9C5F91CBD3363009EC7A6 /* Build configuration list for PBXNativeTarget "test_RSKImageCropperUITests" */;
			buildPhases = (
				9AF9C5E61CBD3363009EC7A6 /* Sources */,
				9AF9C5E71CBD3363009EC7A6 /* Frameworks */,
				9AF9C5E81CBD3363009EC7A6 /* Resources */,
			);
			buildRules = (
			);
			dependencies = (
				9AF9C5EC1CBD3363009EC7A6 /* PBXTargetDependency */,
			);
			name = test_RSKImageCropperUITests;
			productName = test_RSKImageCropperUITests;
			productReference = 9AF9C5EA1CBD3363009EC7A6 /* test_RSKImageCropperUITests.xctest */;
			productType = "com.apple.product-type.bundle.ui-testing";
		};
/* End PBXNativeTarget section */

/* Begin PBXProject section */
		9AF9C5C31CBD3363009EC7A6 /* Project object */ = {
			isa = PBXProject;
			attributes = {
				LastSwiftUpdateCheck = 0730;
				LastUpgradeCheck = 0730;
				ORGANIZATIONNAME = "Riku Arakawa";
				TargetAttributes = {
					9AF9C5CA1CBD3363009EC7A6 = {
						CreatedOnToolsVersion = 7.3;
					};
					9AF9C5DE1CBD3363009EC7A6 = {
						CreatedOnToolsVersion = 7.3;
						TestTargetID = 9AF9C5CA1CBD3363009EC7A6;
					};
					9AF9C5E91CBD3363009EC7A6 = {
						CreatedOnToolsVersion = 7.3;
						TestTargetID = 9AF9C5CA1CBD3363009EC7A6;
					};
				};
			};
			buildConfigurationList = 9AF9C5C61CBD3363009EC7A6 /* Build configuration list for PBXProject "test_RSKImageCropper" */;
			compatibilityVersion = "Xcode 3.2";
			developmentRegion = English;
			hasScannedForEncodings = 0;
			knownRegions = (
				en,
				Base,
			);
			mainGroup = 9AF9C5C21CBD3363009EC7A6;
			productRefGroup = 9AF9C5CC1CBD3363009EC7A6 /* Products */;
			projectDirPath = "";
			projectRoot = "";
			targets = (
				9AF9C5CA1CBD3363009EC7A6 /* test_RSKImageCropper */,
				9AF9C5DE1CBD3363009EC7A6 /* test_RSKImageCropperTests */,
				9AF9C5E91CBD3363009EC7A6 /* test_RSKImageCropperUITests */,
			);
		};
/* End PBXProject section */

/* Begin PBXResourcesBuildPhase section */
		9AF9C5C91CBD3363009EC7A6 /* Resources */ = {
			isa = PBXResourcesBuildPhase;
			buildActionMask = 2147483647;
			files = (
				9AF9C5FE1CBD3E6A009EC7A6 /* castle.png in Resources */,
				9AF9C5D91CBD3363009EC7A6 /* LaunchScreen.storyboard in Resources */,
				9AF9C5D61CBD3363009EC7A6 /* Assets.xcassets in Resources */,
				9AF9C5D41CBD3363009EC7A6 /* Main.storyboard in Resources */,
			);
			runOnlyForDeploymentPostprocessing = 0;
		};
		9AF9C5DD1CBD3363009EC7A6 /* Resources */ = {
			isa = PBXResourcesBuildPhase;
			buildActionMask = 2147483647;
			files = (
			);
			runOnlyForDeploymentPostprocessing = 0;
		};
		9AF9C5E81CBD3363009EC7A6 /* Resources */ = {
			isa = PBXResourcesBuildPhase;
			buildActionMask = 2147483647;
			files = (
			);
			runOnlyForDeploymentPostprocessing = 0;
		};
/* End PBXResourcesBuildPhase section */

/* Begin PBXShellScriptBuildPhase section */
		563B3E5F474FD082BBC940EA /* Check Pods Manifest.lock */ = {
			isa = PBXShellScriptBuildPhase;
			buildActionMask = 2147483647;
			files = (
			);
			inputPaths = (
			);
			name = "Check Pods Manifest.lock";
			outputPaths = (
			);
			runOnlyForDeploymentPostprocessing = 0;
			shellPath = /bin/sh;
			shellScript = "diff \"${PODS_ROOT}/../Podfile.lock\" \"${PODS_ROOT}/Manifest.lock\" > /dev/null\nif [[ $? != 0 ]] ; then\n    cat << EOM\nerror: The sandbox is not in sync with the Podfile.lock. Run 'pod install' or update your CocoaPods installation.\nEOM\n    exit 1\nfi\n";
			showEnvVarsInLog = 0;
		};
		D59C1BC81C455900B556A86E /* Embed Pods Frameworks */ = {
			isa = PBXShellScriptBuildPhase;
			buildActionMask = 2147483647;
			files = (
			);
			inputPaths = (
			);
			name = "Embed Pods Frameworks";
			outputPaths = (
			);
			runOnlyForDeploymentPostprocessing = 0;
			shellPath = /bin/sh;
			shellScript = "\"${SRCROOT}/Pods/Target Support Files/Pods-test_RSKImageCropper/Pods-test_RSKImageCropper-frameworks.sh\"\n";
			showEnvVarsInLog = 0;
		};
		F99E575FBAE58982A3B6EE5A /* Copy Pods Resources */ = {
			isa = PBXShellScriptBuildPhase;
			buildActionMask = 2147483647;
			files = (
			);
			inputPaths = (
			);
			name = "Copy Pods Resources";
			outputPaths = (
			);
			runOnlyForDeploymentPostprocessing = 0;
			shellPath = /bin/sh;
			shellScript = "\"${SRCROOT}/Pods/Target Support Files/Pods-test_RSKImageCropper/Pods-test_RSKImageCropper-resources.sh\"\n";
			showEnvVarsInLog = 0;
		};
/* End PBXShellScriptBuildPhase section */

/* Begin PBXSourcesBuildPhase section */
		9AF9C5C71CBD3363009EC7A6 /* Sources */ = {
			isa = PBXSourcesBuildPhase;
			buildActionMask = 2147483647;
			files = (
				9AF9C5D11CBD3363009EC7A6 /* ViewController.swift in Sources */,
				9AF9C5CF1CBD3363009EC7A6 /* AppDelegate.swift in Sources */,
			);
			runOnlyForDeploymentPostprocessing = 0;
		};
		9AF9C5DB1CBD3363009EC7A6 /* Sources */ = {
			isa = PBXSourcesBuildPhase;
			buildActionMask = 2147483647;
			files = (
				9AF9C5E41CBD3363009EC7A6 /* test_RSKImageCropperTests.swift in Sources */,
			);
			runOnlyForDeploymentPostprocessing = 0;
		};
		9AF9C5E61CBD3363009EC7A6 /* Sources */ = {
			isa = PBXSourcesBuildPhase;
			buildActionMask = 2147483647;
			files = (
				9AF9C5EF1CBD3363009EC7A6 /* test_RSKImageCropperUITests.swift in Sources */,
			);
			runOnlyForDeploymentPostprocessing = 0;
		};
/* End PBXSourcesBuildPhase section */

/* Begin PBXTargetDependency section */
		9AF9C5E11CBD3363009EC7A6 /* PBXTargetDependency */ = {
			isa = PBXTargetDependency;
			target = 9AF9C5CA1CBD3363009EC7A6 /* test_RSKImageCropper */;
			targetProxy = 9AF9C5E01CBD3363009EC7A6 /* PBXContainerItemProxy */;
		};
		9AF9C5EC1CBD3363009EC7A6 /* PBXTargetDependency */ = {
			isa = PBXTargetDependency;
			target = 9AF9C5CA1CBD3363009EC7A6 /* test_RSKImageCropper */;
			targetProxy = 9AF9C5EB1CBD3363009EC7A6 /* PBXContainerItemProxy */;
		};
/* End PBXTargetDependency section */

/* Begin PBXVariantGroup section */
		9AF9C5D21CBD3363009EC7A6 /* Main.storyboard */ = {
			isa = PBXVariantGroup;
			children = (
				9AF9C5D31CBD3363009EC7A6 /* Base */,
			);
			name = Main.storyboard;
			sourceTree = "<group>";
		};
		9AF9C5D71CBD3363009EC7A6 /* LaunchScreen.storyboard */ = {
			isa = PBXVariantGroup;
			children = (
				9AF9C5D81CBD3363009EC7A6 /* Base */,
			);
			name = LaunchScreen.storyboard;
			sourceTree = "<group>";
		};
/* End PBXVariantGroup section */

/* Begin XCBuildConfiguration section */
		9AF9C5F11CBD3363009EC7A6 /* Debug */ = {
			isa = XCBuildConfiguration;
			buildSettings = {
				ALWAYS_SEARCH_USER_PATHS = NO;
				CLANG_ANALYZER_NONNULL = YES;
				CLANG_CXX_LANGUAGE_STANDARD = "gnu++0x";
				CLANG_CXX_LIBRARY = "libc++";
				CLANG_ENABLE_MODULES = YES;
				CLANG_ENABLE_OBJC_ARC = YES;
				CLANG_WARN_BOOL_CONVERSION = YES;
				CLANG_WARN_CONSTANT_CONVERSION = YES;
				CLANG_WARN_DIRECT_OBJC_ISA_USAGE = YES_ERROR;
				CLANG_WARN_EMPTY_BODY = YES;
				CLANG_WARN_ENUM_CONVERSION = YES;
				CLANG_WARN_INT_CONVERSION = YES;
				CLANG_WARN_OBJC_ROOT_CLASS = YES_ERROR;
				CLANG_WARN_UNREACHABLE_CODE = YES;
				CLANG_WARN__DUPLICATE_METHOD_MATCH = YES;
				"CODE_SIGN_IDENTITY[sdk=iphoneos*]" = "iPhone Developer";
				COPY_PHASE_STRIP = NO;
				DEBUG_INFORMATION_FORMAT = dwarf;
				ENABLE_STRICT_OBJC_MSGSEND = YES;
				ENABLE_TESTABILITY = YES;
				GCC_C_LANGUAGE_STANDARD = gnu99;
				GCC_DYNAMIC_NO_PIC = NO;
				GCC_NO_COMMON_BLOCKS = YES;
				GCC_OPTIMIZATION_LEVEL = 0;
				GCC_PREPROCESSOR_DEFINITIONS = (
					"DEBUG=1",
					"$(inherited)",
				);
				GCC_WARN_64_TO_32_BIT_CONVERSION = YES;
				GCC_WARN_ABOUT_RETURN_TYPE = YES_ERROR;
				GCC_WARN_UNDECLARED_SELECTOR = YES;
				GCC_WARN_UNINITIALIZED_AUTOS = YES_AGGRESSIVE;
				GCC_WARN_UNUSED_FUNCTION = YES;
				GCC_WARN_UNUSED_VARIABLE = YES;
				IPHONEOS_DEPLOYMENT_TARGET = 9.3;
				MTL_ENABLE_DEBUG_INFO = YES;
				ONLY_ACTIVE_ARCH = YES;
				SDKROOT = iphoneos;
				SWIFT_OPTIMIZATION_LEVEL = "-Onone";
			};
			name = Debug;
		};
		9AF9C5F21CBD3363009EC7A6 /* Release */ = {
			isa = XCBuildConfiguration;
			buildSettings = {
				ALWAYS_SEARCH_USER_PATHS = NO;
				CLANG_ANALYZER_NONNULL = YES;
				CLANG_CXX_LANGUAGE_STANDARD = "gnu++0x";
				CLANG_CXX_LIBRARY = "libc++";
				CLANG_ENABLE_MODULES = YES;
				CLANG_ENABLE_OBJC_ARC = YES;
				CLANG_WARN_BOOL_CONVERSION = YES;
				CLANG_WARN_CONSTANT_CONVERSION = YES;
				CLANG_WARN_DIRECT_OBJC_ISA_USAGE = YES_ERROR;
				CLANG_WARN_EMPTY_BODY = YES;
				CLANG_WARN_ENUM_CONVERSION = YES;
				CLANG_WARN_INT_CONVERSION = YES;
				CLANG_WARN_OBJC_ROOT_CLASS = YES_ERROR;
				CLANG_WARN_UNREACHABLE_CODE = YES;
				CLANG_WARN__DUPLICATE_METHOD_MATCH = YES;
				"CODE_SIGN_IDENTITY[sdk=iphoneos*]" = "iPhone Developer";
				COPY_PHASE_STRIP = NO;
				DEBUG_INFORMATION_FORMAT = "dwarf-with-dsym";
				ENABLE_NS_ASSERTIONS = NO;
				ENABLE_STRICT_OBJC_MSGSEND = YES;
				GCC_C_LANGUAGE_STANDARD = gnu99;
				GCC_NO_COMMON_BLOCKS = YES;
				GCC_WARN_64_TO_32_BIT_CONVERSION = YES;
				GCC_WARN_ABOUT_RETURN_TYPE = YES_ERROR;
				GCC_WARN_UNDECLARED_SELECTOR = YES;
				GCC_WARN_UNINITIALIZED_AUTOS = YES_AGGRESSIVE;
				GCC_WARN_UNUSED_FUNCTION = YES;
				GCC_WARN_UNUSED_VARIABLE = YES;
				IPHONEOS_DEPLOYMENT_TARGET = 9.3;
				MTL_ENABLE_DEBUG_INFO = NO;
				SDKROOT = iphoneos;
				VALIDATE_PRODUCT = YES;
			};
			name = Release;
		};
		9AF9C5F41CBD3363009EC7A6 /* Debug */ = {
			isa = XCBuildConfiguration;
			baseConfigurationReference = 21F0605BEAA222752DE0FE8A /* Pods-test_RSKImageCropper.debug.xcconfig */;
			buildSettings = {
				ASSETCATALOG_COMPILER_APPICON_NAME = AppIcon;
				INFOPLIST_FILE = test_RSKImageCropper/Info.plist;
				LD_RUNPATH_SEARCH_PATHS = "$(inherited) @executable_path/Frameworks";
				PRODUCT_BUNDLE_IDENTIFIER = "rikky0611.test-RSKImageCropper";
				PRODUCT_NAME = "$(TARGET_NAME)";
				SWIFT_OBJC_BRIDGING_HEADER = test_RSKImageCropper/BridgingHeader.h;
			};
			name = Debug;
		};
		9AF9C5F51CBD3363009EC7A6 /* Release */ = {
			isa = XCBuildConfiguration;
			baseConfigurationReference = 45BE5D0C356210DCEDAC809E /* Pods-test_RSKImageCropper.release.xcconfig */;
			buildSettings = {
				ASSETCATALOG_COMPILER_APPICON_NAME = AppIcon;
				INFOPLIST_FILE = test_RSKImageCropper/Info.plist;
				LD_RUNPATH_SEARCH_PATHS = "$(inherited) @executable_path/Frameworks";
				PRODUCT_BUNDLE_IDENTIFIER = "rikky0611.test-RSKImageCropper";
				PRODUCT_NAME = "$(TARGET_NAME)";
				SWIFT_OBJC_BRIDGING_HEADER = test_RSKImageCropper/BridgingHeader.h;
			};
			name = Release;
		};
		9AF9C5F71CBD3363009EC7A6 /* Debug */ = {
			isa = XCBuildConfiguration;
			buildSettings = {
				BUNDLE_LOADER = "$(TEST_HOST)";
				INFOPLIST_FILE = test_RSKImageCropperTests/Info.plist;
				LD_RUNPATH_SEARCH_PATHS = "$(inherited) @executable_path/Frameworks @loader_path/Frameworks";
				PRODUCT_BUNDLE_IDENTIFIER = "rikky0611.test-RSKImageCropperTests";
				PRODUCT_NAME = "$(TARGET_NAME)";
				TEST_HOST = "$(BUILT_PRODUCTS_DIR)/test_RSKImageCropper.app/test_RSKImageCropper";
			};
			name = Debug;
		};
		9AF9C5F81CBD3363009EC7A6 /* Release */ = {
			isa = XCBuildConfiguration;
			buildSettings = {
				BUNDLE_LOADER = "$(TEST_HOST)";
				INFOPLIST_FILE = test_RSKImageCropperTests/Info.plist;
				LD_RUNPATH_SEARCH_PATHS = "$(inherited) @executable_path/Frameworks @loader_path/Frameworks";
				PRODUCT_BUNDLE_IDENTIFIER = "rikky0611.test-RSKImageCropperTests";
				PRODUCT_NAME = "$(TARGET_NAME)";
				TEST_HOST = "$(BUILT_PRODUCTS_DIR)/test_RSKImageCropper.app/test_RSKImageCropper";
			};
			name = Release;
		};
		9AF9C5FA1CBD3363009EC7A6 /* Debug */ = {
			isa = XCBuildConfiguration;
			buildSettings = {
				INFOPLIST_FILE = test_RSKImageCropperUITests/Info.plist;
				LD_RUNPATH_SEARCH_PATHS = "$(inherited) @executable_path/Frameworks @loader_path/Frameworks";
				PRODUCT_BUNDLE_IDENTIFIER = "rikky0611.test-RSKImageCropperUITests";
				PRODUCT_NAME = "$(TARGET_NAME)";
				TEST_TARGET_NAME = test_RSKImageCropper;
			};
			name = Debug;
		};
		9AF9C5FB1CBD3363009EC7A6 /* Release */ = {
			isa = XCBuildConfiguration;
			buildSettings = {
				INFOPLIST_FILE = test_RSKImageCropperUITests/Info.plist;
				LD_RUNPATH_SEARCH_PATHS = "$(inherited) @executable_path/Frameworks @loader_path/Frameworks";
				PRODUCT_BUNDLE_IDENTIFIER = "rikky0611.test-RSKImageCropperUITests";
				PRODUCT_NAME = "$(TARGET_NAME)";
				TEST_TARGET_NAME = test_RSKImageCropper;
			};
			name = Release;
		};
/* End XCBuildConfiguration section */

/* Begin XCConfigurationList section */
		9AF9C5C61CBD3363009EC7A6 /* Build configuration list for PBXProject "test_RSKImageCropper" */ = {
			isa = XCConfigurationList;
			buildConfigurations = (
				9AF9C5F11CBD3363009EC7A6 /* Debug */,
				9AF9C5F21CBD3363009EC7A6 /* Release */,
			);
			defaultConfigurationIsVisible = 0;
			defaultConfigurationName = Release;
		};
		9AF9C5F31CBD3363009EC7A6 /* Build configuration list for PBXNativeTarget "test_RSKImageCropper" */ = {
			isa = XCConfigurationList;
			buildConfigurations = (
				9AF9C5F41CBD3363009EC7A6 /* Debug */,
				9AF9C5F51CBD3363009EC7A6 /* Release */,
			);
			defaultConfigurationIsVisible = 0;
			defaultConfigurationName = Release;
		};
		9AF9C5F61CBD3363009EC7A6 /* Build configuration list for PBXNativeTarget "test_RSKImageCropperTests" */ = {
			isa = XCConfigurationList;
			buildConfigurations = (
				9AF9C5F71CBD3363009EC7A6 /* Debug */,
				9AF9C5F81CBD3363009EC7A6 /* Release */,
			);
			defaultConfigurationIsVisible = 0;
			defaultConfigurationName = Release;
		};
		9AF9C5F91CBD3363009EC7A6 /* Build configuration list for PBXNativeTarget "test_RSKImageCropperUITests" */ = {
			isa = XCConfigurationList;
			buildConfigurations = (
				9AF9C5FA1CBD3363009EC7A6 /* Debug */,
				9AF9C5FB1CBD3363009EC7A6 /* Release */,
			);
			defaultConfigurationIsVisible = 0;
			defaultConfigurationName = Release;
		};
/* End XCConfigurationList section */
	};
	rootObject = 9AF9C5C31CBD3363009EC7A6 /* Project object */;
}
